
Microsoft Visual Studio Solution File, Format Version 12.00
# Visual Studio 15
Project("{FAE04EC0-301F-11D3-BF4B-00C04F79EFBC}") = "AttributesSamples", "AttributesSamples.csproj", "{13515719-7254-386E-7E7E-909AE6D80E58}"
EndProject
Project("{FAE04EC0-301F-11D3-BF4B-00C04F79EFBC}") = "Assembly-CSharp", "Assembly-CSharp.csproj", "{FDDB5B04-1655-330E-8832-714ACCD37453}"
EndProject
Project("{FAE04EC0-301F-11D3-BF4B-00C04F79EFBC}") = "EditorAttributes.Editor", "EditorAttributes.Editor.csproj", "{CBD4CC1D-499C-F698-6BE7-90C3D2F2DF01}"
EndProject
Project("{FAE04EC0-301F-11D3-BF4B-00C04F79EFBC}") = "MaxSdk.Scripts", "MaxSdk.Scripts.csproj", "{7D29CAD8-F592-09B9-8111-DD2B54ADB75F}"
EndProject
Project("{FAE04EC0-301F-11D3-BF4B-00C04F79EFBC}") = "PathCreator", "PathCreator.csproj", "{857E15A1-E469-B4A0-1AD6-B4E19691FD55}"
EndProject
Project("{FAE04EC0-301F-11D3-BF4B-00C04F79EFBC}") = "EditorAttributes", "EditorAttributes.csproj", "{BA9F285E-8E58-1D69-0592-2FBA5F55A9DE}"
EndProject
Project("{FAE04EC0-301F-11D3-BF4B-00C04F79EFBC}") = "Assembly-CSharp-firstpass", "Assembly-CSharp-firstpass.csproj", "{5DE84A35-B411-E4C0-2DE4-8DF7C8315001}"
EndProject
Project("{FAE04EC0-301F-11D3-BF4B-00C04F79EFBC}") = "Assembly-CSharp-Editor", "Assembly-CSharp-Editor.csproj", "{84EEC918-7E2F-85BE-C4FA-21CFF4ED67A6}"
EndProject
Project("{FAE04EC0-301F-11D3-BF4B-00C04F79EFBC}") = "MaxSdk.Scripts.IntegrationManager.Editor", "MaxSdk.Scripts.IntegrationManager.Editor.csproj", "{7562C90C-C41A-288E-9A39-97CC841F9780}"
EndProject
Project("{FAE04EC0-301F-11D3-BF4B-00C04F79EFBC}") = "PathCreatorEditor", "PathCreatorEditor.csproj", "{1AF7342A-47A0-9110-AE11-FF3B7C5CD1D2}"
EndProject
Global
	GlobalSection(SolutionConfigurationPlatforms) = preSolution
		Debug|Any CPU = Debug|Any CPU
		Release|Any CPU = Release|Any CPU
	EndGlobalSection
	GlobalSection(ProjectConfigurationPlatforms) = postSolution
		{13515719-7254-386E-7E7E-909AE6D80E58}.Debug|Any CPU.ActiveCfg = Debug|Any CPU
		{13515719-7254-386E-7E7E-909AE6D80E58}.Debug|Any CPU.Build.0 = Debug|Any CPU
		{13515719-7254-386E-7E7E-909AE6D80E58}.Release|Any CPU.ActiveCfg = Release|Any CPU
		{13515719-7254-386E-7E7E-909AE6D80E58}.Release|Any CPU.Build.0 = Release|Any CPU
		{FDDB5B04-1655-330E-8832-714ACCD37453}.Debug|Any CPU.ActiveCfg = Debug|Any CPU
		{FDDB5B04-1655-330E-8832-714ACCD37453}.Debug|Any CPU.Build.0 = Debug|Any CPU
		{FDDB5B04-1655-330E-8832-714ACCD37453}.Release|Any CPU.ActiveCfg = Release|Any CPU
		{FDDB5B04-1655-330E-8832-714ACCD37453}.Release|Any CPU.Build.0 = Release|Any CPU
		{CBD4CC1D-499C-F698-6BE7-90C3D2F2DF01}.Debug|Any CPU.ActiveCfg = Debug|Any CPU
		{CBD4CC1D-499C-F698-6BE7-90C3D2F2DF01}.Debug|Any CPU.Build.0 = Debug|Any CPU
		{CBD4CC1D-499C-F698-6BE7-90C3D2F2DF01}.Release|Any CPU.ActiveCfg = Release|Any CPU
		{CBD4CC1D-499C-F698-6BE7-90C3D2F2DF01}.Release|Any CPU.Build.0 = Release|Any CPU
		{7D29CAD8-F592-09B9-8111-DD2B54ADB75F}.Debug|Any CPU.ActiveCfg = Debug|Any CPU
		{7D29CAD8-F592-09B9-8111-DD2B54ADB75F}.Debug|Any CPU.Build.0 = Debug|Any CPU
		{7D29CAD8-F592-09B9-8111-DD2B54ADB75F}.Release|Any CPU.ActiveCfg = Release|Any CPU
		{7D29CAD8-F592-09B9-8111-DD2B54ADB75F}.Release|Any CPU.Build.0 = Release|Any CPU
		{857E15A1-E469-B4A0-1AD6-B4E19691FD55}.Debug|Any CPU.ActiveCfg = Debug|Any CPU
		{857E15A1-E469-B4A0-1AD6-B4E19691FD55}.Debug|Any CPU.Build.0 = Debug|Any CPU
		{857E15A1-E469-B4A0-1AD6-B4E19691FD55}.Release|Any CPU.ActiveCfg = Release|Any CPU
		{857E15A1-E469-B4A0-1AD6-B4E19691FD55}.Release|Any CPU.Build.0 = Release|Any CPU
		{BA9F285E-8E58-1D69-0592-2FBA5F55A9DE}.Debug|Any CPU.ActiveCfg = Debug|Any CPU
		{BA9F285E-8E58-1D69-0592-2FBA5F55A9DE}.Debug|Any CPU.Build.0 = Debug|Any CPU
		{BA9F285E-8E58-1D69-0592-2FBA5F55A9DE}.Release|Any CPU.ActiveCfg = Release|Any CPU
		{BA9F285E-8E58-1D69-0592-2FBA5F55A9DE}.Release|Any CPU.Build.0 = Release|Any CPU
		{5DE84A35-B411-E4C0-2DE4-8DF7C8315001}.Debug|Any CPU.ActiveCfg = Debug|Any CPU
		{5DE84A35-B411-E4C0-2DE4-8DF7C8315001}.Debug|Any CPU.Build.0 = Debug|Any CPU
		{5DE84A35-B411-E4C0-2DE4-8DF7C8315001}.Release|Any CPU.ActiveCfg = Release|Any CPU
		{5DE84A35-B411-E4C0-2DE4-8DF7C8315001}.Release|Any CPU.Build.0 = Release|Any CPU
		{84EEC918-7E2F-85BE-C4FA-21CFF4ED67A6}.Debug|Any CPU.ActiveCfg = Debug|Any CPU
		{84EEC918-7E2F-85BE-C4FA-21CFF4ED67A6}.Debug|Any CPU.Build.0 = Debug|Any CPU
		{84EEC918-7E2F-85BE-C4FA-21CFF4ED67A6}.Release|Any CPU.ActiveCfg = Release|Any CPU
		{84EEC918-7E2F-85BE-C4FA-21CFF4ED67A6}.Release|Any CPU.Build.0 = Release|Any CPU
		{7562C90C-C41A-288E-9A39-97CC841F9780}.Debug|Any CPU.ActiveCfg = Debug|Any CPU
		{7562C90C-C41A-288E-9A39-97CC841F9780}.Debug|Any CPU.Build.0 = Debug|Any CPU
		{7562C90C-C41A-288E-9A39-97CC841F9780}.Release|Any CPU.ActiveCfg = Release|Any CPU
		{7562C90C-C41A-288E-9A39-97CC841F9780}.Release|Any CPU.Build.0 = Release|Any CPU
		{1AF7342A-47A0-9110-AE11-FF3B7C5CD1D2}.Debug|Any CPU.ActiveCfg = Debug|Any CPU
		{1AF7342A-47A0-9110-AE11-FF3B7C5CD1D2}.Debug|Any CPU.Build.0 = Debug|Any CPU
		{1AF7342A-47A0-9110-AE11-FF3B7C5CD1D2}.Release|Any CPU.ActiveCfg = Release|Any CPU
		{1AF7342A-47A0-9110-AE11-FF3B7C5CD1D2}.Release|Any CPU.Build.0 = Release|Any CPU
	EndGlobalSection
	GlobalSection(SolutionProperties) = preSolution
		HideSolutionNode = FALSE
	EndGlobalSection
EndGlobal
